
Microsoft Visual Studio Solution File, Format Version 12.00
# Visual Studio 14
VisualStudioVersion = 14.0.23107.0
MinimumVisualStudioVersion = 10.0.40219.1
Project("{FAE04EC0-301F-11D3-BF4B-00C04F79EFBC}") = "Web", "Web\Web.csproj", "{13F8D90C-986D-42C3-9A02-716B90EE30F8}"
EndProject
Project("{9092AA53-FB77-4645-B42D-1CCCA6BD08BD}") = "Api", "Api\Api.njsproj", "{5EEA9318-3A81-479E-ACEF-3A049D37ABD3}"
EndProject
Project("{FAE04EC0-301F-11D3-BF4B-00C04F79EFBC}") = "OwinApi", "OwinApi\OwinApi.csproj", "{74E4802F-FD9A-4BA5-841E-257F73D06A05}"
EndProject
Project("{FAE04EC0-301F-11D3-BF4B-00C04F79EFBC}") = "Routes", "Routes\Routes.csproj", "{E59AB53C-33A3-49FD-B430-E5AD72E21EB2}"
EndProject
Project("{FAE04EC0-301F-11D3-BF4B-00C04F79EFBC}") = "Types", "Types\Types.csproj", "{37F64025-0C1B-4374-B613-26E49B81F484}"
EndProject
Project("{FAE04EC0-301F-11D3-BF4B-00C04F79EFBC}") = "Routes.Tests", "Routes.Tests\Routes.Tests.csproj", "{F033D3AE-6A19-4BA0-AAC5-80B017AA35C0}"
EndProject
Project("{2150E333-8FDC-42A3-9474-1A3956D46DE8}") = "Falcor", "Falcor", "{B4551506-ACED-46AA-897D-89365C0D89B3}"
EndProject
Project("{FAE04EC0-301F-11D3-BF4B-00C04F79EFBC}") = "Falcor", "falcor\Falcor\Falcor.csproj", "{CF5C06BE-467B-40BA-8F60-0F292FA067A2}"
EndProject
Project("{FAE04EC0-301F-11D3-BF4B-00C04F79EFBC}") = "Falcor.Server", "falcor\Falcor.Server\Falcor.Server.csproj", "{89CD64B4-7B29-4B69-94E1-06D1F974297D}"
EndProject
Project("{FAE04EC0-301F-11D3-BF4B-00C04F79EFBC}") = "Falcor.Server.Owin", "falcor\Falcor.Server.Owin\Falcor.Server.Owin.csproj", "{932D3A57-CCC8-466D-8FBD-1C1833661ED8}"
EndProject
Project("{FAE04EC0-301F-11D3-BF4B-00C04F79EFBC}") = "Falcor.Tests", "falcor\Falcor.Tests\Falcor.Tests.csproj", "{8DEB1233-F633-4E54-9E29-F3636DCA4108}"
EndProject
Global
	GlobalSection(SolutionConfigurationPlatforms) = preSolution
		Debug|Any CPU = Debug|Any CPU
		Release|Any CPU = Release|Any CPU
	EndGlobalSection
	GlobalSection(ProjectConfigurationPlatforms) = postSolution
		{13F8D90C-986D-42C3-9A02-716B90EE30F8}.Debug|Any CPU.ActiveCfg = Debug|Any CPU
		{13F8D90C-986D-42C3-9A02-716B90EE30F8}.Debug|Any CPU.Build.0 = Debug|Any CPU
		{13F8D90C-986D-42C3-9A02-716B90EE30F8}.Release|Any CPU.ActiveCfg = Release|Any CPU
		{13F8D90C-986D-42C3-9A02-716B90EE30F8}.Release|Any CPU.Build.0 = Release|Any CPU
		{5EEA9318-3A81-479E-ACEF-3A049D37ABD3}.Debug|Any CPU.ActiveCfg = Debug|Any CPU
		{5EEA9318-3A81-479E-ACEF-3A049D37ABD3}.Debug|Any CPU.Build.0 = Debug|Any CPU
		{5EEA9318-3A81-479E-ACEF-3A049D37ABD3}.Release|Any CPU.ActiveCfg = Release|Any CPU
		{5EEA9318-3A81-479E-ACEF-3A049D37ABD3}.Release|Any CPU.Build.0 = Release|Any CPU
		{74E4802F-FD9A-4BA5-841E-257F73D06A05}.Debug|Any CPU.ActiveCfg = Debug|Any CPU
		{74E4802F-FD9A-4BA5-841E-257F73D06A05}.Debug|Any CPU.Build.0 = Debug|Any CPU
		{74E4802F-FD9A-4BA5-841E-257F73D06A05}.Release|Any CPU.ActiveCfg = Release|Any CPU
		{74E4802F-FD9A-4BA5-841E-257F73D06A05}.Release|Any CPU.Build.0 = Release|Any CPU
		{E59AB53C-33A3-49FD-B430-E5AD72E21EB2}.Debug|Any CPU.ActiveCfg = Debug|Any CPU
		{E59AB53C-33A3-49FD-B430-E5AD72E21EB2}.Debug|Any CPU.Build.0 = Debug|Any CPU
		{E59AB53C-33A3-49FD-B430-E5AD72E21EB2}.Release|Any CPU.ActiveCfg = Release|Any CPU
		{E59AB53C-33A3-49FD-B430-E5AD72E21EB2}.Release|Any CPU.Build.0 = Release|Any CPU
		{37F64025-0C1B-4374-B613-26E49B81F484}.Debug|Any CPU.ActiveCfg = Debug|Any CPU
		{37F64025-0C1B-4374-B613-26E49B81F484}.Debug|Any CPU.Build.0 = Debug|Any CPU
		{37F64025-0C1B-4374-B613-26E49B81F484}.Release|Any CPU.ActiveCfg = Release|Any CPU
		{37F64025-0C1B-4374-B613-26E49B81F484}.Release|Any CPU.Build.0 = Release|Any CPU
		{F033D3AE-6A19-4BA0-AAC5-80B017AA35C0}.Debug|Any CPU.ActiveCfg = Debug|Any CPU
		{F033D3AE-6A19-4BA0-AAC5-80B017AA35C0}.Debug|Any CPU.Build.0 = Debug|Any CPU
		{F033D3AE-6A19-4BA0-AAC5-80B017AA35C0}.Release|Any CPU.ActiveCfg = Release|Any CPU
		{F033D3AE-6A19-4BA0-AAC5-80B017AA35C0}.Release|Any CPU.Build.0 = Release|Any CPU
		{CF5C06BE-467B-40BA-8F60-0F292FA067A2}.Debug|Any CPU.ActiveCfg = Debug|Any CPU
		{CF5C06BE-467B-40BA-8F60-0F292FA067A2}.Debug|Any CPU.Build.0 = Debug|Any CPU
		{CF5C06BE-467B-40BA-8F60-0F292FA067A2}.Release|Any CPU.ActiveCfg = Release|Any CPU
		{CF5C06BE-467B-40BA-8F60-0F292FA067A2}.Release|Any CPU.Build.0 = Release|Any CPU
		{89CD64B4-7B29-4B69-94E1-06D1F974297D}.Debug|Any CPU.ActiveCfg = Debug|Any CPU
		{89CD64B4-7B29-4B69-94E1-06D1F974297D}.Debug|Any CPU.Build.0 = Debug|Any CPU
		{89CD64B4-7B29-4B69-94E1-06D1F974297D}.Release|Any CPU.ActiveCfg = Release|Any CPU
		{89CD64B4-7B29-4B69-94E1-06D1F974297D}.Release|Any CPU.Build.0 = Release|Any CPU
		{932D3A57-CCC8-466D-8FBD-1C1833661ED8}.Debug|Any CPU.ActiveCfg = Debug|Any CPU
		{932D3A57-CCC8-466D-8FBD-1C1833661ED8}.Debug|Any CPU.Build.0 = Debug|Any CPU
		{932D3A57-CCC8-466D-8FBD-1C1833661ED8}.Release|Any CPU.ActiveCfg = Release|Any CPU
		{932D3A57-CCC8-466D-8FBD-1C1833661ED8}.Release|Any CPU.Build.0 = Release|Any CPU
		{8DEB1233-F633-4E54-9E29-F3636DCA4108}.Debug|Any CPU.ActiveCfg = Debug|Any CPU
		{8DEB1233-F633-4E54-9E29-F3636DCA4108}.Debug|Any CPU.Build.0 = Debug|Any CPU
		{8DEB1233-F633-4E54-9E29-F3636DCA4108}.Release|Any CPU.ActiveCfg = Release|Any CPU
		{8DEB1233-F633-4E54-9E29-F3636DCA4108}.Release|Any CPU.Build.0 = Release|Any CPU
	EndGlobalSection
	GlobalSection(SolutionProperties) = preSolution
		HideSolutionNode = FALSE
	EndGlobalSection
	GlobalSection(NestedProjects) = preSolution
		{CF5C06BE-467B-40BA-8F60-0F292FA067A2} = {B4551506-ACED-46AA-897D-89365C0D89B3}
		{89CD64B4-7B29-4B69-94E1-06D1F974297D} = {B4551506-ACED-46AA-897D-89365C0D89B3}
		{932D3A57-CCC8-466D-8FBD-1C1833661ED8} = {B4551506-ACED-46AA-897D-89365C0D89B3}
		{8DEB1233-F633-4E54-9E29-F3636DCA4108} = {B4551506-ACED-46AA-897D-89365C0D89B3}
	EndGlobalSection
EndGlobal
